
Microsoft Visual Studio Solution File, Format Version 12.00
# Visual Studio Version 16
VisualStudioVersion = 16.0.31005.135
MinimumVisualStudioVersion = 10.0.40219.1
Project("{FAE04EC0-301F-11D3-BF4B-00C04F79EFBC}") = "dummyfile", "dummyfile.csproj", "{15AF40AD-DB74-4501-9A50-61D4D88FF56E}"
EndProject
Global
	GlobalSection(SolutionConfigurationPlatforms) = preSolution
		Debug|Any CPU = Debug|Any CPU
		Release|Any CPU = Release|Any CPU
	EndGlobalSection
	GlobalSection(ProjectConfigurationPlatforms) = postSolution
		{15AF40AD-DB74-4501-9A50-61D4D88FF56E}.Debug|Any CPU.ActiveCfg = Debug|Any CPU
		{15AF40AD-DB74-4501-9A50-61D4D88FF56E}.Debug|Any CPU.Build.0 = Debug|Any CPU
		{15AF40AD-DB74-4501-9A50-61D4D88FF56E}.Release|Any CPU.ActiveCfg = Release|Any CPU
		{15AF40AD-DB74-4501-9A50-61D4D88FF56E}.Release|Any CPU.Build.0 = Release|Any CPU
	EndGlobalSection
	GlobalSection(SolutionProperties) = preSolution
		HideSolutionNode = FALSE
	EndGlobalSection
	GlobalSection(ExtensibilityGlobals) = postSolution
		SolutionGuid = {682EB2C8-E785-4048-9ECE-8D18848CB01C}
	EndGlobalSection
EndGlobal
